
Microsoft Visual Studio Solution File, Format Version 12.00
# Visual Studio Version 16
VisualStudioVersion = 16.0.29911.84
MinimumVisualStudioVersion = 10.0.40219.1
Project("{FAE04EC0-301F-11D3-BF4B-00C04F79EFBC}") = "CW_3_v2", "CW_3_v2\CW_3_v2.csproj", "{370281EA-AEEA-4FE0-946C-93903F25B004}"
EndProject
Global
	GlobalSection(SolutionConfigurationPlatforms) = preSolution
		Debug|Any CPU = Debug|Any CPU
		Release|Any CPU = Release|Any CPU
	EndGlobalSection
	GlobalSection(ProjectConfigurationPlatforms) = postSolution
		{370281EA-AEEA-4FE0-946C-93903F25B004}.Debug|Any CPU.ActiveCfg = Debug|Any CPU
		{370281EA-AEEA-4FE0-946C-93903F25B004}.Debug|Any CPU.Build.0 = Debug|Any CPU
		{370281EA-AEEA-4FE0-946C-93903F25B004}.Release|Any CPU.ActiveCfg = Release|Any CPU
		{370281EA-AEEA-4FE0-946C-93903F25B004}.Release|Any CPU.Build.0 = Release|Any CPU
	EndGlobalSection
	GlobalSection(SolutionProperties) = preSolution
		HideSolutionNode = FALSE
	EndGlobalSection
	GlobalSection(ExtensibilityGlobals) = postSolution
		SolutionGuid = {EDBB0427-56D7-4C39-BA74-0774522895B0}
	EndGlobalSection
EndGlobal
